
Microsoft Visual Studio Solution File, Format Version 12.00
# Visual Studio Version 17
VisualStudioVersion = 17.4.33205.214
MinimumVisualStudioVersion = 10.0.40219.1
Project("{FAE04EC0-301F-11D3-BF4B-00C04F79EFBC}") = "YYYServerLightPlugin", "YYYServerLightPlugin\YYYServerLightPlugin.csproj", "{77D5AA63-F8DA-496B-84E3-64059D03D49E}"
EndProject
Global
	GlobalSection(SolutionConfigurationPlatforms) = preSolution
		Debug|Any CPU = Debug|Any CPU
		Release|Any CPU = Release|Any CPU
	EndGlobalSection
	GlobalSection(ProjectConfigurationPlatforms) = postSolution
		{77D5AA63-F8DA-496B-84E3-64059D03D49E}.Debug|Any CPU.ActiveCfg = Debug|Any CPU
		{77D5AA63-F8DA-496B-84E3-64059D03D49E}.Debug|Any CPU.Build.0 = Debug|Any CPU
		{77D5AA63-F8DA-496B-84E3-64059D03D49E}.Release|Any CPU.ActiveCfg = Release|Any CPU
		{77D5AA63-F8DA-496B-84E3-64059D03D49E}.Release|Any CPU.Build.0 = Release|Any CPU
	EndGlobalSection
	GlobalSection(SolutionProperties) = preSolution
		HideSolutionNode = FALSE
	EndGlobalSection
	GlobalSection(ExtensibilityGlobals) = postSolution
		SolutionGuid = {50835621-7CBC-43F0-876A-5524543DF96A}
	EndGlobalSection
EndGlobal
